
Microsoft Visual Studio Solution File, Format Version 12.00
# Visual Studio Version 17
VisualStudioVersion = 17.14.36429.23
MinimumVisualStudioVersion = 10.0.40219.1
Project("{2150E333-8FDC-42A3-9474-1A3956D46DE8}") = "Task0", "Task0", "{02EA681E-C7D8-13C7-8484-4AC65E1B71E8}"
EndProject
Project("{FAE04EC0-301F-11D3-BF4B-00C04F79EFBC}") = "Tyuiu.AkopovaLV.Sprint2.Task0.V3.Test", "Tyuiu.AkopovaLV.Sprint2.Task0.V3.Test\Tyuiu.AkopovaLV.Sprint2.Task0.V3.Test.csproj", "{E8F0169E-AE09-4420-9991-27904BA10330}"
EndProject
Project("{FAE04EC0-301F-11D3-BF4B-00C04F79EFBC}") = "Tyuiu.AkopovaLV.Sprint2.Task0.V3.Lib", "Tyuiu.AkopovaLV.Sprint2.Task0.V3.Lib\Tyuiu.AkopovaLV.Sprint2.Task0.V3.Lib.csproj", "{10EC1EDA-0C94-4182-8C18-E5C60098AEA1}"
EndProject
Project("{FAE04EC0-301F-11D3-BF4B-00C04F79EFBC}") = "Tyuiu.AkopovaLV.Sprint2.Task0.V3", "Tyuiu.AkopovaLV.Sprint2.Task0.V3\Tyuiu.AkopovaLV.Sprint2.Task0.V3.csproj", "{48788373-5831-465F-9A3D-6C36D8379B46}"
EndProject
Project("{2150E333-8FDC-42A3-9474-1A3956D46DE8}") = "Task1", "Task1", "{ACF54FB3-1EC4-4FF9-9BAA-39C0C7AAD7FA}"
EndProject
Project("{FAE04EC0-301F-11D3-BF4B-00C04F79EFBC}") = "Tyuiu.AkopovaLV.Sprint2.Task1.V9.Lib", "Tyuiu.AkopovaLV.Sprint2.Task1.V9.Lib\Tyuiu.AkopovaLV.Sprint2.Task1.V9.Lib.csproj", "{1BF0A9BD-A341-4559-ABB6-A69AC4DF6327}"
EndProject
Project("{FAE04EC0-301F-11D3-BF4B-00C04F79EFBC}") = "Tyuiu.AkopovaLV.Sprint2.Task1.V9", "Tyuiu.AkopovaLV.Sprint2.Task1.V9\Tyuiu.AkopovaLV.Sprint2.Task1.V9.csproj", "{5995B3A7-F06F-45FC-8D5D-481BF10C0054}"
EndProject
Project("{FAE04EC0-301F-11D3-BF4B-00C04F79EFBC}") = "Tyuiu.AkopovaLV.Sprint2.Task1.V9.Test", "Tyuiu.AkopovaLV.Sprint2.Task1.V9.Test\Tyuiu.AkopovaLV.Sprint2.Task1.V9.Test.csproj", "{732DCB43-FD5D-4949-B68A-E2FBF79622DD}"
EndProject
Project("{2150E333-8FDC-42A3-9474-1A3956D46DE8}") = "Task3", "Task3", "{66753E9B-4AAB-4701-9258-99988F6A21AA}"
EndProject
Project("{FAE04EC0-301F-11D3-BF4B-00C04F79EFBC}") = "Tyuiu.AkopovaLV.Sprint2.Task2.V29", "Tyuiu.AkopovaLV.Sprint2.Task2.V29\Tyuiu.AkopovaLV.Sprint2.Task2.V29.csproj", "{58DC9146-95B2-49E5-9E35-B5382455314C}"
EndProject
Project("{FAE04EC0-301F-11D3-BF4B-00C04F79EFBC}") = "Tyuiu.AkopovaLV.Sprint2.Task2.V29.Test", "Tyuiu.AkopovaLV.Sprint2.Task2.V29.Test\Tyuiu.AkopovaLV.Sprint2.Task2.V29.Test.csproj", "{C17D8113-A12B-4A1D-9615-E48C795E36B5}"
EndProject
Project("{FAE04EC0-301F-11D3-BF4B-00C04F79EFBC}") = "Tyuiu.AkopovaLV.Sprint2.Task2.V29.Lib", "Tyuiu.AkopovaLV.Sprint2.Task2.V29.Lib\Tyuiu.AkopovaLV.Sprint2.Task2.V29.Lib.csproj", "{7E2E077B-4739-482B-AF1F-9414AFF28498}"
EndProject
Global
	GlobalSection(SolutionConfigurationPlatforms) = preSolution
		Debug|Any CPU = Debug|Any CPU
		Release|Any CPU = Release|Any CPU
	EndGlobalSection
	GlobalSection(ProjectConfigurationPlatforms) = postSolution
		{E8F0169E-AE09-4420-9991-27904BA10330}.Debug|Any CPU.ActiveCfg = Debug|Any CPU
		{E8F0169E-AE09-4420-9991-27904BA10330}.Debug|Any CPU.Build.0 = Debug|Any CPU
		{E8F0169E-AE09-4420-9991-27904BA10330}.Release|Any CPU.ActiveCfg = Release|Any CPU
		{E8F0169E-AE09-4420-9991-27904BA10330}.Release|Any CPU.Build.0 = Release|Any CPU
		{10EC1EDA-0C94-4182-8C18-E5C60098AEA1}.Debug|Any CPU.ActiveCfg = Debug|Any CPU
		{10EC1EDA-0C94-4182-8C18-E5C60098AEA1}.Debug|Any CPU.Build.0 = Debug|Any CPU
		{10EC1EDA-0C94-4182-8C18-E5C60098AEA1}.Release|Any CPU.ActiveCfg = Release|Any CPU
		{10EC1EDA-0C94-4182-8C18-E5C60098AEA1}.Release|Any CPU.Build.0 = Release|Any CPU
		{48788373-5831-465F-9A3D-6C36D8379B46}.Debug|Any CPU.ActiveCfg = Debug|Any CPU
		{48788373-5831-465F-9A3D-6C36D8379B46}.Debug|Any CPU.Build.0 = Debug|Any CPU
		{48788373-5831-465F-9A3D-6C36D8379B46}.Release|Any CPU.ActiveCfg = Release|Any CPU
		{48788373-5831-465F-9A3D-6C36D8379B46}.Release|Any CPU.Build.0 = Release|Any CPU
		{1BF0A9BD-A341-4559-ABB6-A69AC4DF6327}.Debug|Any CPU.ActiveCfg = Debug|Any CPU
		{1BF0A9BD-A341-4559-ABB6-A69AC4DF6327}.Debug|Any CPU.Build.0 = Debug|Any CPU
		{1BF0A9BD-A341-4559-ABB6-A69AC4DF6327}.Release|Any CPU.ActiveCfg = Release|Any CPU
		{1BF0A9BD-A341-4559-ABB6-A69AC4DF6327}.Release|Any CPU.Build.0 = Release|Any CPU
		{5995B3A7-F06F-45FC-8D5D-481BF10C0054}.Debug|Any CPU.ActiveCfg = Debug|Any CPU
		{5995B3A7-F06F-45FC-8D5D-481BF10C0054}.Debug|Any CPU.Build.0 = Debug|Any CPU
		{5995B3A7-F06F-45FC-8D5D-481BF10C0054}.Release|Any CPU.ActiveCfg = Release|Any CPU
		{5995B3A7-F06F-45FC-8D5D-481BF10C0054}.Release|Any CPU.Build.0 = Release|Any CPU
		{732DCB43-FD5D-4949-B68A-E2FBF79622DD}.Debug|Any CPU.ActiveCfg = Debug|Any CPU
		{732DCB43-FD5D-4949-B68A-E2FBF79622DD}.Debug|Any CPU.Build.0 = Debug|Any CPU
		{732DCB43-FD5D-4949-B68A-E2FBF79622DD}.Release|Any CPU.ActiveCfg = Release|Any CPU
		{732DCB43-FD5D-4949-B68A-E2FBF79622DD}.Release|Any CPU.Build.0 = Release|Any CPU
		{58DC9146-95B2-49E5-9E35-B5382455314C}.Debug|Any CPU.ActiveCfg = Debug|Any CPU
		{58DC9146-95B2-49E5-9E35-B5382455314C}.Debug|Any CPU.Build.0 = Debug|Any CPU
		{58DC9146-95B2-49E5-9E35-B5382455314C}.Release|Any CPU.ActiveCfg = Release|Any CPU
		{58DC9146-95B2-49E5-9E35-B5382455314C}.Release|Any CPU.Build.0 = Release|Any CPU
		{C17D8113-A12B-4A1D-9615-E48C795E36B5}.Debug|Any CPU.ActiveCfg = Debug|Any CPU
		{C17D8113-A12B-4A1D-9615-E48C795E36B5}.Debug|Any CPU.Build.0 = Debug|Any CPU
		{C17D8113-A12B-4A1D-9615-E48C795E36B5}.Release|Any CPU.ActiveCfg = Release|Any CPU
		{C17D8113-A12B-4A1D-9615-E48C795E36B5}.Release|Any CPU.Build.0 = Release|Any CPU
		{7E2E077B-4739-482B-AF1F-9414AFF28498}.Debug|Any CPU.ActiveCfg = Debug|Any CPU
		{7E2E077B-4739-482B-AF1F-9414AFF28498}.Debug|Any CPU.Build.0 = Debug|Any CPU
		{7E2E077B-4739-482B-AF1F-9414AFF28498}.Release|Any CPU.ActiveCfg = Release|Any CPU
		{7E2E077B-4739-482B-AF1F-9414AFF28498}.Release|Any CPU.Build.0 = Release|Any CPU
	EndGlobalSection
	GlobalSection(SolutionProperties) = preSolution
		HideSolutionNode = FALSE
	EndGlobalSection
	GlobalSection(NestedProjects) = preSolution
		{E8F0169E-AE09-4420-9991-27904BA10330} = {02EA681E-C7D8-13C7-8484-4AC65E1B71E8}
		{10EC1EDA-0C94-4182-8C18-E5C60098AEA1} = {02EA681E-C7D8-13C7-8484-4AC65E1B71E8}
		{48788373-5831-465F-9A3D-6C36D8379B46} = {02EA681E-C7D8-13C7-8484-4AC65E1B71E8}
		{1BF0A9BD-A341-4559-ABB6-A69AC4DF6327} = {ACF54FB3-1EC4-4FF9-9BAA-39C0C7AAD7FA}
		{5995B3A7-F06F-45FC-8D5D-481BF10C0054} = {ACF54FB3-1EC4-4FF9-9BAA-39C0C7AAD7FA}
		{732DCB43-FD5D-4949-B68A-E2FBF79622DD} = {ACF54FB3-1EC4-4FF9-9BAA-39C0C7AAD7FA}
		{58DC9146-95B2-49E5-9E35-B5382455314C} = {66753E9B-4AAB-4701-9258-99988F6A21AA}
		{C17D8113-A12B-4A1D-9615-E48C795E36B5} = {66753E9B-4AAB-4701-9258-99988F6A21AA}
		{7E2E077B-4739-482B-AF1F-9414AFF28498} = {66753E9B-4AAB-4701-9258-99988F6A21AA}
	EndGlobalSection
	GlobalSection(ExtensibilityGlobals) = postSolution
		SolutionGuid = {56B148ED-9909-42E2-A262-E51F5CF44A8A}
	EndGlobalSection
EndGlobal
